// !$*UTF8*$!
{
	archiveVersion = 1;
	classes = {
	};
	objectVersion = 50;
	objects = {

/* Begin PBXBuildFile section */
		72302EAD250FE6CE009C42DC /* AppDelegate.swift in Sources */ = {isa = PBXBuildFile; fileRef = 72302EAC250FE6CE009C42DC /* AppDelegate.swift */; };
		72302EAF250FE6CE009C42DC /* SceneDelegate.swift in Sources */ = {isa = PBXBuildFile; fileRef = 72302EAE250FE6CE009C42DC /* SceneDelegate.swift */; };
		72302EB1250FE6CE009C42DC /* ViewController.swift in Sources */ = {isa = PBXBuildFile; fileRef = 72302EB0250FE6CE009C42DC /* ViewController.swift */; };
		72302EB4250FE6CE009C42DC /* Main.storyboard in Resources */ = {isa = PBXBuildFile; fileRef = 72302EB2250FE6CE009C42DC /* Main.storyboard */; };
		72302EB6250FE6D0009C42DC /* Assets.xcassets in Resources */ = {isa = PBXBuildFile; fileRef = 72302EB5250FE6D0009C42DC /* Assets.xcassets */; };
		72302EB9250FE6D0009C42DC /* LaunchScreen.storyboard in Resources */ = {isa = PBXBuildFile; fileRef = 72302EB7250FE6D0009C42DC /* LaunchScreen.storyboard */; };
/* End PBXBuildFile section */

/* Begin PBXFileReference section */
		72302EA9250FE6CE009C42DC /* NIBM COVID19.app */ = {isa = PBXFileReference; explicitFileType = wrapper.application; includeInIndex = 0; path = "NIBM COVID19.app"; sourceTree = BUILT_PRODUCTS_DIR; };
		72302EAC250FE6CE009C42DC /* AppDelegate.swift */ = {isa = PBXFileReference; lastKnownFileType = sourcecode.swift; path = AppDelegate.swift; sourceTree = "<group>"; };
		72302EAE250FE6CE009C42DC /* SceneDelegate.swift */ = {isa = PBXFileReference; lastKnownFileType = sourcecode.swift; path = SceneDelegate.swift; sourceTree = "<group>"; };
		72302EB0250FE6CE009C42DC /* ViewController.swift */ = {isa = PBXFileReference; lastKnownFileType = sourcecode.swift; path = ViewController.swift; sourceTree = "<group>"; };
		72302EB3250FE6CE009C42DC /* Base */ = {isa = PBXFileReference; lastKnownFileType = file.storyboard; name = Base; path = Base.lproj/Main.storyboard; sourceTree = "<group>"; };
		72302EB5250FE6D0009C42DC /* Assets.xcassets */ = {isa = PBXFileReference; lastKnownFileType = folder.assetcatalog; path = Assets.xcassets; sourceTree = "<group>"; };
		72302EB8250FE6D0009C42DC /* Base */ = {isa = PBXFileReference; lastKnownFileType = file.storyboard; name = Base; path = Base.lproj/LaunchScreen.storyboard; sourceTree = "<group>"; };
		72302EBA250FE6D0009C42DC /* Info.plist */ = {isa = PBXFileReference; lastKnownFileType = text.plist.xml; path = Info.plist; sourceTree = "<group>"; };
/* End PBXFileReference section */

/* Begin PBXFrameworksBuildPhase section */
		72302EA6250FE6CE009C42DC /* Frameworks */ = {
			isa = PBXFrameworksBuildPhase;
			buildActionMask = 2147483647;
			files = (
			);
			runOnlyForDeploymentPostprocessing = 0;
		};
/* End PBXFrameworksBuildPhase section */

/* Begin PBXGroup section */
		72302EA0250FE6CE009C42DC = {
			isa = PBXGroup;
			children = (
				72302EAB250FE6CE009C42DC /* NIBM COVID19 */,
				72302EAA250FE6CE009C42DC /* Products */,
			);
			sourceTree = "<group>";
		};
		72302EAA250FE6CE009C42DC /* Products */ = {
			isa = PBXGroup;
			children = (
				72302EA9250FE6CE009C42DC /* NIBM COVID19.app */,
			);
			name = Products;
			sourceTree = "<group>";
		};
		72302EAB250FE6CE009C42DC /* NIBM COVID19 */ = {
			isa = PBXGroup;
			children = (
				72302EAC250FE6CE009C42DC /* AppDelegate.swift */,
				72302EAE250FE6CE009C42DC /* SceneDelegate.swift */,
				72302EB0250FE6CE009C42DC /* ViewController.swift */,
				72302EB2250FE6CE009C42DC /* Main.storyboard */,
				72302EB5250FE6D0009C42DC /* Assets.xcassets */,
				72302EB7250FE6D0009C42DC /* LaunchScreen.storyboard */,
				72302EBA250FE6D0009C42DC /* Info.plist */,
			);
			path = "NIBM COVID19";
			sourceTree = "<group>";
		};
/* End PBXGroup section */

/* Begin PBXNativeTarget section */
		72302EA8250FE6CE009C42DC /* NIBM COVID19 */ = {
			isa = PBXNativeTarget;
			buildConfigurationList = 72302EBD250FE6D0009C42DC /* Build configuration list for PBXNativeTarget "NIBM COVID19" */;
			buildPhases = (
				72302EA5250FE6CE009C42DC /* Sources */,
				72302EA6250FE6CE009C42DC /* Frameworks */,
				72302EA7250FE6CE009C42DC /* Resources */,
			);
			buildRules = (
			);
			dependencies = (
			);
			name = "NIBM COVID19";
			productName = "NIBM COVID19";
			productReference = 72302EA9250FE6CE009C42DC /* NIBM COVID19.app */;
			productType = "com.apple.product-type.application";
		};
/* End PBXNativeTarget section */

/* Begin PBXProject section */
		72302EA1250FE6CE009C42DC /* Project object */ = {
			isa = PBXProject;
			attributes = {
				LastSwiftUpdateCheck = 1150;
				LastUpgradeCheck = 1150;
				ORGANIZATIONNAME = "RAJAPAKSHA R.W.I.A-COBSCCOMP191P039";
				TargetAttributes = {
					72302EA8250FE6CE009C42DC = {
						CreatedOnToolsVersion = 11.5;
					};
				};
			};
			buildConfigurationList = 72302EA4250FE6CE009C42DC /* Build configuration list for PBXProject "NIBM COVID19" */;
			compatibilityVersion = "Xcode 9.3";
			developmentRegion = en;
			hasScannedForEncodings = 0;
			knownRegions = (
				en,
				Base,
			);
			mainGroup = 72302EA0250FE6CE009C42DC;
			productRefGroup = 72302EAA250FE6CE009C42DC /* Products */;
			projectDirPath = "";
			projectRoot = "";
			targets = (
				72302EA8250FE6CE009C42DC /* NIBM COVID19 */,
			);
		};
/* End PBXProject section */

/* Begin PBXResourcesBuildPhase section */
		72302EA7250FE6CE009C42DC /* Resources */ = {
			isa = PBXResourcesBuildPhase;
			buildActionMask = 2147483647;
			files = (
				72302EB9250FE6D0009C42DC /* LaunchScreen.storyboard in Resources */,
				72302EB6250FE6D0009C42DC /* Assets.xcassets in Resources */,
				72302EB4250FE6CE009C42DC /* Main.storyboard in Resources */,
			);
			runOnlyForDeploymentPostprocessing = 0;
		};
/* End PBXResourcesBuildPhase section */

/* Begin PBXSourcesBuildPhase section */
		72302EA5250FE6CE009C42DC /* Sources */ = {
			isa = PBXSourcesBuildPhase;
			buildActionMask = 2147483647;
			files = (
				72302EB1250FE6CE009C42DC /* ViewController.swift in Sources */,
				72302EAD250FE6CE009C42DC /* AppDelegate.swift in Sources */,
				72302EAF250FE6CE009C42DC /* SceneDelegate.swift in Sources */,
			);
			runOnlyForDeploymentPostprocessing = 0;
		};
/* End PBXSourcesBuildPhase section */

/* Begin PBXVariantGroup section */
		72302EB2250FE6CE009C42DC /* Main.storyboard */ = {
			isa = PBXVariantGroup;
			children = (
				72302EB3250FE6CE009C42DC /* Base */,
			);
			name = Main.storyboard;
			sourceTree = "<group>";
		};
		72302EB7250FE6D0009C42DC /* LaunchScreen.storyboard */ = {
			isa = PBXVariantGroup;
			children = (
				72302EB8250FE6D0009C42DC /* Base */,
			);
			name = LaunchScreen.storyboard;
			sourceTree = "<group>";
		};
/* End PBXVariantGroup section */

/* Begin XCBuildConfiguration section */
		72302EBB250FE6D0009C42DC /* Debug */ = {
			isa = XCBuildConfiguration;
			buildSettings = {
				ALWAYS_SEARCH_USER_PATHS = NO;
				CLANG_ANALYZER_NONNULL = YES;
				CLANG_ANALYZER_NUMBER_OBJECT_CONVERSION = YES_AGGRESSIVE;
				CLANG_CXX_LANGUAGE_STANDARD = "gnu++14";
				CLANG_CXX_LIBRARY = "libc++";
				CLANG_ENABLE_MODULES = YES;
				CLANG_ENABLE_OBJC_ARC = YES;
				CLANG_ENABLE_OBJC_WEAK = YES;
				CLANG_WARN_BLOCK_CAPTURE_AUTORELEASING = YES;
				CLANG_WARN_BOOL_CONVERSION = YES;
				CLANG_WARN_COMMA = YES;
				CLANG_WARN_CONSTANT_CONVERSION = YES;
				CLANG_WARN_DEPRECATED_OBJC_IMPLEMENTATIONS = YES;
				CLANG_WARN_DIRECT_OBJC_ISA_USAGE = YES_ERROR;
				CLANG_WARN_DOCUMENTATION_COMMENTS = YES;
				CLANG_WARN_EMPTY_BODY = YES;
				CLANG_WARN_ENUM_CONVERSION = YES;
				CLANG_WARN_INFINITE_RECURSION = YES;
				CLANG_WARN_INT_CONVERSION = YES;
				CLANG_WARN_NON_LITERAL_NULL_CONVERSION = YES;
				CLANG_WARN_OBJC_IMPLICIT_RETAIN_SELF = YES;
				CLANG_WARN_OBJC_LITERAL_CONVERSION = YES;
				CLANG_WARN_OBJC_ROOT_CLASS = YES_ERROR;
				CLANG_WARN_RANGE_LOOP_ANALYSIS = YES;
				CLANG_WARN_STRICT_PROTOTYPES = YES;
				CLANG_WARN_SUSPICIOUS_MOVE = YES;
				CLANG_WARN_UNGUARDED_AVAILABILITY = YES_AGGRESSIVE;
				CLANG_WARN_UNREACHABLE_CODE = YES;
				CLANG_WARN__DUPLICATE_METHOD_MATCH = YES;
				COPY_PHASE_STRIP = NO;
				DEBUG_INFORMATION_FORMAT = dwarf;
				ENABLE_STRICT_OBJC_MSGSEND = YES;
				ENABLE_TESTABILITY = YES;
				GCC_C_LANGUAGE_STANDARD = gnu11;
				GCC_DYNAMIC_NO_PIC = NO;
				GCC_NO_COMMON_BLOCKS = YES;
				GCC_OPTIMIZATION_LEVEL = 0;
				GCC_PREPROCESSOR_DEFINITIONS = (
					"DEBUG=1",
					"$(inherited)",
				);
				GCC_WARN_64_TO_32_BIT_CONVERSION = YES;
				GCC_WARN_ABOUT_RETURN_TYPE = YES_ERROR;
				GCC_WARN_UNDECLARED_SELECTOR = YES;
				GCC_WARN_UNINITIALIZED_AUTOS = YES_AGGRESSIVE;
				GCC_WARN_UNUSED_FUNCTION = YES;
				GCC_WARN_UNUSED_VARIABLE = YES;
				IPHONEOS_DEPLOYMENT_TARGET = 13.5;
				MTL_ENABLE_DEBUG_INFO = INCLUDE_SOURCE;
				MTL_FAST_MATH = YES;
				ONLY_ACTIVE_ARCH = YES;
				SDKROOT = iphoneos;
				SWIFT_ACTIVE_COMPILATION_CONDITIONS = DEBUG;
				SWIFT_OPTIMIZATION_LEVEL = "-Onone";
			};
			name = Debug;
		};
		72302EBC250FE6D0009C42DC /* Release */ = {
			isa = XCBuildConfiguration;
			buildSettings = {
				ALWAYS_SEARCH_USER_PATHS = NO;
				CLANG_ANALYZER_NONNULL = YES;
				CLANG_ANALYZER_NUMBER_OBJECT_CONVERSION = YES_AGGRESSIVE;
				CLANG_CXX_LANGUAGE_STANDARD = "gnu++14";
				CLANG_CXX_LIBRARY = "libc++";
				CLANG_ENABLE_MODULES = YES;
				CLANG_ENABLE_OBJC_ARC = YES;
				CLANG_ENABLE_OBJC_WEAK = YES;
				CLANG_WARN_BLOCK_CAPTURE_AUTORELEASING = YES;
				CLANG_WARN_BOOL_CONVERSION = YES;
				CLANG_WARN_COMMA = YES;
				CLANG_WARN_CONSTANT_CONVERSION = YES;
				CLANG_WARN_DEPRECATED_OBJC_IMPLEMENTATIONS = YES;
				CLANG_WARN_DIRECT_OBJC_ISA_USAGE = YES_ERROR;
				CLANG_WARN_DOCUMENTATION_COMMENTS = YES;
				CLANG_WARN_EMPTY_BODY = YES;
				CLANG_WARN_ENUM_CONVERSION = YES;
				CLANG_WARN_INFINITE_RECURSION = YES;
				CLANG_WARN_INT_CONVERSION = YES;
				CLANG_WARN_NON_LITERAL_NULL_CONVERSION = YES;
				CLANG_WARN_OBJC_IMPLICIT_RETAIN_SELF = YES;
				CLANG_WARN_OBJC_LITERAL_CONVERSION = YES;
				CLANG_WARN_OBJC_ROOT_CLASS = YES_ERROR;
				CLANG_WARN_RANGE_LOOP_ANALYSIS = YES;
				CLANG_WARN_STRICT_PROTOTYPES = YES;
				CLANG_WARN_SUSPICIOUS_MOVE = YES;
				CLANG_WARN_UNGUARDED_AVAILABILITY = YES_AGGRESSIVE;
				CLANG_WARN_UNREACHABLE_CODE = YES;
				CLANG_WARN__DUPLICATE_METHOD_MATCH = YES;
				COPY_PHASE_STRIP = NO;
				DEBUG_INFORMATION_FORMAT = "dwarf-with-dsym";
				ENABLE_NS_ASSERTIONS = NO;
				ENABLE_STRICT_OBJC_MSGSEND = YES;
				GCC_C_LANGUAGE_STANDARD = gnu11;
				GCC_NO_COMMON_BLOCKS = YES;
				GCC_WARN_64_TO_32_BIT_CONVERSION = YES;
				GCC_WARN_ABOUT_RETURN_TYPE = YES_ERROR;
				GCC_WARN_UNDECLARED_SELECTOR = YES;
				GCC_WARN_UNINITIALIZED_AUTOS = YES_AGGRESSIVE;
				GCC_WARN_UNUSED_FUNCTION = YES;
				GCC_WARN_UNUSED_VARIABLE = YES;
				IPHONEOS_DEPLOYMENT_TARGET = 13.5;
				MTL_ENABLE_DEBUG_INFO = NO;
				MTL_FAST_MATH = YES;
				SDKROOT = iphoneos;
				SWIFT_COMPILATION_MODE = wholemodule;
				SWIFT_OPTIMIZATION_LEVEL = "-O";
				VALIDATE_PRODUCT = YES;
			};
			name = Release;
		};
		72302EBE250FE6D0009C42DC /* Debug */ = {
			isa = XCBuildConfiguration;
			buildSettings = {
				ASSETCATALOG_COMPILER_APPICON_NAME = AppIcon;
				CODE_SIGN_STYLE = Automatic;
				INFOPLIST_FILE = "NIBM COVID19/Info.plist";
				LD_RUNPATH_SEARCH_PATHS = (
					"$(inherited)",
					"@executable_path/Frameworks",
				);
				PRODUCT_BUNDLE_IDENTIFIER = "RAJAPAKSHA-R.W.I.A-COBSCCOMP191P039.NIBM-COVID19";
				PRODUCT_NAME = "$(TARGET_NAME)";
				SWIFT_VERSION = 5.0;
				TARGETED_DEVICE_FAMILY = "1,2";
			};
			name = Debug;
		};
		72302EBF250FE6D0009C42DC /* Release */ = {
			isa = XCBuildConfiguration;
			buildSettings = {
				ASSETCATALOG_COMPILER_APPICON_NAME = AppIcon;
				CODE_SIGN_STYLE = Automatic;
				INFOPLIST_FILE = "NIBM COVID19/Info.plist";
				LD_RUNPATH_SEARCH_PATHS = (
					"$(inherited)",
					"@executable_path/Frameworks",
				);
				PRODUCT_BUNDLE_IDENTIFIER = "RAJAPAKSHA-R.W.I.A-COBSCCOMP191P039.NIBM-COVID19";
				PRODUCT_NAME = "$(TARGET_NAME)";
				SWIFT_VERSION = 5.0;
				TARGETED_DEVICE_FAMILY = "1,2";
			};
			name = Release;
		};
/* End XCBuildConfiguration section */

/* Begin XCConfigurationList section */
		72302EA4250FE6CE009C42DC /* Build configuration list for PBXProject "NIBM COVID19" */ = {
			isa = XCConfigurationList;
			buildConfigurations = (
				72302EBB250FE6D0009C42DC /* Debug */,
				72302EBC250FE6D0009C42DC /* Release */,
			);
			defaultConfigurationIsVisible = 0;
			defaultConfigurationName = Release;
		};
		72302EBD250FE6D0009C42DC /* Build configuration list for PBXNativeTarget "NIBM COVID19" */ = {
			isa = XCConfigurationList;
			buildConfigurations = (
				72302EBE250FE6D0009C42DC /* Debug */,
				72302EBF250FE6D0009C42DC /* Release */,
			);
			defaultConfigurationIsVisible = 0;
			defaultConfigurationName = Release;
		};
/* End XCConfigurationList section */
	};
	rootObject = 72302EA1250FE6CE009C42DC /* Project object */;
}
